
Microsoft Visual Studio Solution File, Format Version 12.00
# Visual Studio Version 17
VisualStudioVersion = 17.1.32210.238
MinimumVisualStudioVersion = 10.0.40219.1
Project("{FAE04EC0-301F-11D3-BF4B-00C04F79EFBC}") = "modul7_1302204014", "modul7_1302204014.csproj", "{C9AE38DD-B512-4997-9B79-45F1BFE4A85D}"
EndProject
Global
	GlobalSection(SolutionConfigurationPlatforms) = preSolution
		Debug|Any CPU = Debug|Any CPU
		Release|Any CPU = Release|Any CPU
	EndGlobalSection
	GlobalSection(ProjectConfigurationPlatforms) = postSolution
		{C9AE38DD-B512-4997-9B79-45F1BFE4A85D}.Debug|Any CPU.ActiveCfg = Debug|Any CPU
		{C9AE38DD-B512-4997-9B79-45F1BFE4A85D}.Debug|Any CPU.Build.0 = Debug|Any CPU
		{C9AE38DD-B512-4997-9B79-45F1BFE4A85D}.Release|Any CPU.ActiveCfg = Release|Any CPU
		{C9AE38DD-B512-4997-9B79-45F1BFE4A85D}.Release|Any CPU.Build.0 = Release|Any CPU
	EndGlobalSection
	GlobalSection(SolutionProperties) = preSolution
		HideSolutionNode = FALSE
	EndGlobalSection
	GlobalSection(ExtensibilityGlobals) = postSolution
		SolutionGuid = {6E6F8581-83D4-4FE0-A0E0-49F507E94DE8}
	EndGlobalSection
EndGlobal
